
Microsoft Visual Studio Solution File, Format Version 12.00
# Visual Studio Version 16
VisualStudioVersion = 16.0.30204.135
MinimumVisualStudioVersion = 10.0.40219.1
Project("{9A19103F-16F7-4668-BE54-9A1E7A4F7556}") = "WebApp", "WebApp.csproj", "{839AA21F-5D53-42CA-950B-3DBBB144A3C0}"
EndProject
Project("{FAE04EC0-301F-11D3-BF4B-00C04F79EFBC}") = "WebApi", "..\WebApi\WebApi.csproj", "{9EE67D2B-0FBD-4973-9C2D-357E10F5D1BF}"
EndProject
Global
	GlobalSection(SolutionConfigurationPlatforms) = preSolution
		Debug|Any CPU = Debug|Any CPU
		Release|Any CPU = Release|Any CPU
	EndGlobalSection
	GlobalSection(ProjectConfigurationPlatforms) = postSolution
		{839AA21F-5D53-42CA-950B-3DBBB144A3C0}.Debug|Any CPU.ActiveCfg = Debug|Any CPU
		{839AA21F-5D53-42CA-950B-3DBBB144A3C0}.Debug|Any CPU.Build.0 = Debug|Any CPU
		{839AA21F-5D53-42CA-950B-3DBBB144A3C0}.Release|Any CPU.ActiveCfg = Release|Any CPU
		{839AA21F-5D53-42CA-950B-3DBBB144A3C0}.Release|Any CPU.Build.0 = Release|Any CPU
		{9EE67D2B-0FBD-4973-9C2D-357E10F5D1BF}.Debug|Any CPU.ActiveCfg = Debug|Any CPU
		{9EE67D2B-0FBD-4973-9C2D-357E10F5D1BF}.Debug|Any CPU.Build.0 = Debug|Any CPU
		{9EE67D2B-0FBD-4973-9C2D-357E10F5D1BF}.Release|Any CPU.ActiveCfg = Release|Any CPU
		{9EE67D2B-0FBD-4973-9C2D-357E10F5D1BF}.Release|Any CPU.Build.0 = Release|Any CPU
	EndGlobalSection
	GlobalSection(SolutionProperties) = preSolution
		HideSolutionNode = FALSE
	EndGlobalSection
	GlobalSection(ExtensibilityGlobals) = postSolution
		SolutionGuid = {746EF0E7-EC0D-41E2-A296-E0C40D46CE61}
	EndGlobalSection
EndGlobal
